
Microsoft Visual Studio Solution File, Format Version 12.00
# Visual Studio 15
VisualStudioVersion = 15.0.27428.2043
MinimumVisualStudioVersion = 10.0.40219.1
Project("{FAE04EC0-301F-11D3-BF4B-00C04F79EFBC}") = "CGP", "CGP.csproj", "{08589F63-718B-4104-8E2B-51D327E1069D}"
EndProject
Global
	GlobalSection(SolutionConfigurationPlatforms) = preSolution
		Debug|Any CPU = Debug|Any CPU
		Release|Any CPU = Release|Any CPU
	EndGlobalSection
	GlobalSection(ProjectConfigurationPlatforms) = postSolution
		{08589F63-718B-4104-8E2B-51D327E1069D}.Debug|Any CPU.ActiveCfg = Debug|Any CPU
		{08589F63-718B-4104-8E2B-51D327E1069D}.Debug|Any CPU.Build.0 = Debug|Any CPU
		{08589F63-718B-4104-8E2B-51D327E1069D}.Release|Any CPU.ActiveCfg = Release|Any CPU
		{08589F63-718B-4104-8E2B-51D327E1069D}.Release|Any CPU.Build.0 = Release|Any CPU
	EndGlobalSection
	GlobalSection(SolutionProperties) = preSolution
		HideSolutionNode = FALSE
	EndGlobalSection
	GlobalSection(ExtensibilityGlobals) = postSolution
		SolutionGuid = {AB1851BB-9C7F-4476-BB26-52D3623E5B36}
	EndGlobalSection
EndGlobal
